
Microsoft Visual Studio Solution File, Format Version 12.00
# Visual Studio Version 17
VisualStudioVersion = 17.0.31903.59
MinimumVisualStudioVersion = 10.0.40219.1
Project("{2150E333-8FDC-42A3-9474-1A3956D46DE8}") = "src", "src", "{827E0CD3-B72D-47B6-A68D-7590B98EB39B}"
EndProject
Project("{FAE04EC0-301F-11D3-BF4B-00C04F79EFBC}") = "ResilientMicroservices.Core", "src\ResilientMicroservices.Core\ResilientMicroservices.Core.csproj", "{96AA5260-38CA-4ABB-9E60-835092FB62DB}"
EndProject
Project("{FAE04EC0-301F-11D3-BF4B-00C04F79EFBC}") = "ResilientMicroservices.Resilience", "src\ResilientMicroservices.Resilience\ResilientMicroservices.Resilience.csproj", "{7BF1B10F-0AD4-4D60-A90C-2B5F67E06B1D}"
EndProject
Project("{FAE04EC0-301F-11D3-BF4B-00C04F79EFBC}") = "ResilientMicroservices.Tracing", "src\ResilientMicroservices.Tracing\ResilientMicroservices.Tracing.csproj", "{A38D550C-80E5-45CD-933B-ABEA6A878673}"
EndProject
Project("{FAE04EC0-301F-11D3-BF4B-00C04F79EFBC}") = "ResilientMicroservices.Messaging", "src\ResilientMicroservices.Messaging\ResilientMicroservices.Messaging.csproj", "{F0913E59-6B24-4CFF-938F-C42EB9B7B857}"
EndProject
Project("{FAE04EC0-301F-11D3-BF4B-00C04F79EFBC}") = "ResilientMicroservices.Sagas", "src\ResilientMicroservices.Sagas\ResilientMicroservices.Sagas.csproj", "{61851D31-EDC2-44BB-B6CF-11B0CB08171C}"
EndProject
Project("{2150E333-8FDC-42A3-9474-1A3956D46DE8}") = "samples", "samples", "{5D20AA90-6969-D8BD-9DCD-8634F4692FDA}"
EndProject
Project("{FAE04EC0-301F-11D3-BF4B-00C04F79EFBC}") = "OrderService", "samples\OrderService\OrderService.csproj", "{A48ADF82-3630-4D12-986B-FE26EBA8ACF0}"
EndProject
Project("{FAE04EC0-301F-11D3-BF4B-00C04F79EFBC}") = "PaymentService", "samples\PaymentService\PaymentService.csproj", "{C34B4063-D801-4844-B21C-A42868ADD319}"
EndProject
Project("{FAE04EC0-301F-11D3-BF4B-00C04F79EFBC}") = "InventoryService", "samples\InventoryService\InventoryService.csproj", "{41D3D49A-E4F7-4AD8-B5C0-96A78DAAE09A}"
EndProject
Project("{FAE04EC0-301F-11D3-BF4B-00C04F79EFBC}") = "ApiGateway", "samples\ApiGateway\ApiGateway.csproj", "{BCB66327-23B7-4B10-9F0C-4196E89A7F41}"
EndProject
Project("{2150E333-8FDC-42A3-9474-1A3956D46DE8}") = "tests", "tests", "{0AB3BF05-4346-4AA6-1389-037BE0695223}"
EndProject
Project("{FAE04EC0-301F-11D3-BF4B-00C04F79EFBC}") = "ResilientMicroservices.Core.Tests", "tests\ResilientMicroservices.Core.Tests\ResilientMicroservices.Core.Tests.csproj", "{09E79572-4D8E-4F1A-B119-3CDC4A4B83BC}"
EndProject
Project("{FAE04EC0-301F-11D3-BF4B-00C04F79EFBC}") = "ResilientMicroservices.Metrics", "src\ResilientMicroservices.Metrics\ResilientMicroservices.Metrics.csproj", "{F067A97C-B2AF-4EAF-8AA2-55079637B60C}"
EndProject
Project("{FAE04EC0-301F-11D3-BF4B-00C04F79EFBC}") = "PaymentService.Tests", "tests\PaymentService.Tests\PaymentService.Tests.csproj", "{CEF68C33-1E44-4A3F-860F-1D877C27AC67}"
EndProject
Project("{FAE04EC0-301F-11D3-BF4B-00C04F79EFBC}") = "InventoryService.Tests", "tests\InventoryService.Tests\InventoryService.Tests.csproj", "{03CBAE01-02EB-4BA5-8612-AF50E9E29ABB}"
EndProject
Project("{FAE04EC0-301F-11D3-BF4B-00C04F79EFBC}") = "ResilientMicroservices.Metrics.Tests", "tests\ResilientMicroservices.Metrics.Tests\ResilientMicroservices.Metrics.Tests.csproj", "{91095052-4049-4075-B46F-A7F79E6AC1D0}"
EndProject
Global
	GlobalSection(SolutionConfigurationPlatforms) = preSolution
		Debug|Any CPU = Debug|Any CPU
		Debug|x64 = Debug|x64
		Debug|x86 = Debug|x86
		Release|Any CPU = Release|Any CPU
		Release|x64 = Release|x64
		Release|x86 = Release|x86
	EndGlobalSection
	GlobalSection(ProjectConfigurationPlatforms) = postSolution
		{96AA5260-38CA-4ABB-9E60-835092FB62DB}.Debug|Any CPU.ActiveCfg = Debug|Any CPU
		{96AA5260-38CA-4ABB-9E60-835092FB62DB}.Debug|Any CPU.Build.0 = Debug|Any CPU
		{96AA5260-38CA-4ABB-9E60-835092FB62DB}.Debug|x64.ActiveCfg = Debug|Any CPU
		{96AA5260-38CA-4ABB-9E60-835092FB62DB}.Debug|x64.Build.0 = Debug|Any CPU
		{96AA5260-38CA-4ABB-9E60-835092FB62DB}.Debug|x86.ActiveCfg = Debug|Any CPU
		{96AA5260-38CA-4ABB-9E60-835092FB62DB}.Debug|x86.Build.0 = Debug|Any CPU
		{96AA5260-38CA-4ABB-9E60-835092FB62DB}.Release|Any CPU.ActiveCfg = Release|Any CPU
		{96AA5260-38CA-4ABB-9E60-835092FB62DB}.Release|Any CPU.Build.0 = Release|Any CPU
		{96AA5260-38CA-4ABB-9E60-835092FB62DB}.Release|x64.ActiveCfg = Release|Any CPU
		{96AA5260-38CA-4ABB-9E60-835092FB62DB}.Release|x64.Build.0 = Release|Any CPU
		{96AA5260-38CA-4ABB-9E60-835092FB62DB}.Release|x86.ActiveCfg = Release|Any CPU
		{96AA5260-38CA-4ABB-9E60-835092FB62DB}.Release|x86.Build.0 = Release|Any CPU
		{7BF1B10F-0AD4-4D60-A90C-2B5F67E06B1D}.Debug|Any CPU.ActiveCfg = Debug|Any CPU
		{7BF1B10F-0AD4-4D60-A90C-2B5F67E06B1D}.Debug|Any CPU.Build.0 = Debug|Any CPU
		{7BF1B10F-0AD4-4D60-A90C-2B5F67E06B1D}.Debug|x64.ActiveCfg = Debug|Any CPU
		{7BF1B10F-0AD4-4D60-A90C-2B5F67E06B1D}.Debug|x64.Build.0 = Debug|Any CPU
		{7BF1B10F-0AD4-4D60-A90C-2B5F67E06B1D}.Debug|x86.ActiveCfg = Debug|Any CPU
		{7BF1B10F-0AD4-4D60-A90C-2B5F67E06B1D}.Debug|x86.Build.0 = Debug|Any CPU
		{7BF1B10F-0AD4-4D60-A90C-2B5F67E06B1D}.Release|Any CPU.ActiveCfg = Release|Any CPU
		{7BF1B10F-0AD4-4D60-A90C-2B5F67E06B1D}.Release|Any CPU.Build.0 = Release|Any CPU
		{7BF1B10F-0AD4-4D60-A90C-2B5F67E06B1D}.Release|x64.ActiveCfg = Release|Any CPU
		{7BF1B10F-0AD4-4D60-A90C-2B5F67E06B1D}.Release|x64.Build.0 = Release|Any CPU
		{7BF1B10F-0AD4-4D60-A90C-2B5F67E06B1D}.Release|x86.ActiveCfg = Release|Any CPU
		{7BF1B10F-0AD4-4D60-A90C-2B5F67E06B1D}.Release|x86.Build.0 = Release|Any CPU
		{A38D550C-80E5-45CD-933B-ABEA6A878673}.Debug|Any CPU.ActiveCfg = Debug|Any CPU
		{A38D550C-80E5-45CD-933B-ABEA6A878673}.Debug|Any CPU.Build.0 = Debug|Any CPU
		{A38D550C-80E5-45CD-933B-ABEA6A878673}.Debug|x64.ActiveCfg = Debug|Any CPU
		{A38D550C-80E5-45CD-933B-ABEA6A878673}.Debug|x64.Build.0 = Debug|Any CPU
		{A38D550C-80E5-45CD-933B-ABEA6A878673}.Debug|x86.ActiveCfg = Debug|Any CPU
		{A38D550C-80E5-45CD-933B-ABEA6A878673}.Debug|x86.Build.0 = Debug|Any CPU
		{A38D550C-80E5-45CD-933B-ABEA6A878673}.Release|Any CPU.ActiveCfg = Release|Any CPU
		{A38D550C-80E5-45CD-933B-ABEA6A878673}.Release|Any CPU.Build.0 = Release|Any CPU
		{A38D550C-80E5-45CD-933B-ABEA6A878673}.Release|x64.ActiveCfg = Release|Any CPU
		{A38D550C-80E5-45CD-933B-ABEA6A878673}.Release|x64.Build.0 = Release|Any CPU
		{A38D550C-80E5-45CD-933B-ABEA6A878673}.Release|x86.ActiveCfg = Release|Any CPU
		{A38D550C-80E5-45CD-933B-ABEA6A878673}.Release|x86.Build.0 = Release|Any CPU
		{F0913E59-6B24-4CFF-938F-C42EB9B7B857}.Debug|Any CPU.ActiveCfg = Debug|Any CPU
		{F0913E59-6B24-4CFF-938F-C42EB9B7B857}.Debug|Any CPU.Build.0 = Debug|Any CPU
		{F0913E59-6B24-4CFF-938F-C42EB9B7B857}.Debug|x64.ActiveCfg = Debug|Any CPU
		{F0913E59-6B24-4CFF-938F-C42EB9B7B857}.Debug|x64.Build.0 = Debug|Any CPU
		{F0913E59-6B24-4CFF-938F-C42EB9B7B857}.Debug|x86.ActiveCfg = Debug|Any CPU
		{F0913E59-6B24-4CFF-938F-C42EB9B7B857}.Debug|x86.Build.0 = Debug|Any CPU
		{F0913E59-6B24-4CFF-938F-C42EB9B7B857}.Release|Any CPU.ActiveCfg = Release|Any CPU
		{F0913E59-6B24-4CFF-938F-C42EB9B7B857}.Release|Any CPU.Build.0 = Release|Any CPU
		{F0913E59-6B24-4CFF-938F-C42EB9B7B857}.Release|x64.ActiveCfg = Release|Any CPU
		{F0913E59-6B24-4CFF-938F-C42EB9B7B857}.Release|x64.Build.0 = Release|Any CPU
		{F0913E59-6B24-4CFF-938F-C42EB9B7B857}.Release|x86.ActiveCfg = Release|Any CPU
		{F0913E59-6B24-4CFF-938F-C42EB9B7B857}.Release|x86.Build.0 = Release|Any CPU
		{61851D31-EDC2-44BB-B6CF-11B0CB08171C}.Debug|Any CPU.ActiveCfg = Debug|Any CPU
		{61851D31-EDC2-44BB-B6CF-11B0CB08171C}.Debug|Any CPU.Build.0 = Debug|Any CPU
		{61851D31-EDC2-44BB-B6CF-11B0CB08171C}.Debug|x64.ActiveCfg = Debug|Any CPU
		{61851D31-EDC2-44BB-B6CF-11B0CB08171C}.Debug|x64.Build.0 = Debug|Any CPU
		{61851D31-EDC2-44BB-B6CF-11B0CB08171C}.Debug|x86.ActiveCfg = Debug|Any CPU
		{61851D31-EDC2-44BB-B6CF-11B0CB08171C}.Debug|x86.Build.0 = Debug|Any CPU
		{61851D31-EDC2-44BB-B6CF-11B0CB08171C}.Release|Any CPU.ActiveCfg = Release|Any CPU
		{61851D31-EDC2-44BB-B6CF-11B0CB08171C}.Release|Any CPU.Build.0 = Release|Any CPU
		{61851D31-EDC2-44BB-B6CF-11B0CB08171C}.Release|x64.ActiveCfg = Release|Any CPU
		{61851D31-EDC2-44BB-B6CF-11B0CB08171C}.Release|x64.Build.0 = Release|Any CPU
		{61851D31-EDC2-44BB-B6CF-11B0CB08171C}.Release|x86.ActiveCfg = Release|Any CPU
		{61851D31-EDC2-44BB-B6CF-11B0CB08171C}.Release|x86.Build.0 = Release|Any CPU
		{A48ADF82-3630-4D12-986B-FE26EBA8ACF0}.Debug|Any CPU.ActiveCfg = Debug|Any CPU
		{A48ADF82-3630-4D12-986B-FE26EBA8ACF0}.Debug|Any CPU.Build.0 = Debug|Any CPU
		{A48ADF82-3630-4D12-986B-FE26EBA8ACF0}.Debug|x64.ActiveCfg = Debug|Any CPU
		{A48ADF82-3630-4D12-986B-FE26EBA8ACF0}.Debug|x64.Build.0 = Debug|Any CPU
		{A48ADF82-3630-4D12-986B-FE26EBA8ACF0}.Debug|x86.ActiveCfg = Debug|Any CPU
		{A48ADF82-3630-4D12-986B-FE26EBA8ACF0}.Debug|x86.Build.0 = Debug|Any CPU
		{A48ADF82-3630-4D12-986B-FE26EBA8ACF0}.Release|Any CPU.ActiveCfg = Release|Any CPU
		{A48ADF82-3630-4D12-986B-FE26EBA8ACF0}.Release|Any CPU.Build.0 = Release|Any CPU
		{A48ADF82-3630-4D12-986B-FE26EBA8ACF0}.Release|x64.ActiveCfg = Release|Any CPU
		{A48ADF82-3630-4D12-986B-FE26EBA8ACF0}.Release|x64.Build.0 = Release|Any CPU
		{A48ADF82-3630-4D12-986B-FE26EBA8ACF0}.Release|x86.ActiveCfg = Release|Any CPU
		{A48ADF82-3630-4D12-986B-FE26EBA8ACF0}.Release|x86.Build.0 = Release|Any CPU
		{C34B4063-D801-4844-B21C-A42868ADD319}.Debug|Any CPU.ActiveCfg = Debug|Any CPU
		{C34B4063-D801-4844-B21C-A42868ADD319}.Debug|Any CPU.Build.0 = Debug|Any CPU
		{C34B4063-D801-4844-B21C-A42868ADD319}.Debug|x64.ActiveCfg = Debug|Any CPU
		{C34B4063-D801-4844-B21C-A42868ADD319}.Debug|x64.Build.0 = Debug|Any CPU
		{C34B4063-D801-4844-B21C-A42868ADD319}.Debug|x86.ActiveCfg = Debug|Any CPU
		{C34B4063-D801-4844-B21C-A42868ADD319}.Debug|x86.Build.0 = Debug|Any CPU
		{C34B4063-D801-4844-B21C-A42868ADD319}.Release|Any CPU.ActiveCfg = Release|Any CPU
		{C34B4063-D801-4844-B21C-A42868ADD319}.Release|Any CPU.Build.0 = Release|Any CPU
		{C34B4063-D801-4844-B21C-A42868ADD319}.Release|x64.ActiveCfg = Release|Any CPU
		{C34B4063-D801-4844-B21C-A42868ADD319}.Release|x64.Build.0 = Release|Any CPU
		{C34B4063-D801-4844-B21C-A42868ADD319}.Release|x86.ActiveCfg = Release|Any CPU
		{C34B4063-D801-4844-B21C-A42868ADD319}.Release|x86.Build.0 = Release|Any CPU
		{41D3D49A-E4F7-4AD8-B5C0-96A78DAAE09A}.Debug|Any CPU.ActiveCfg = Debug|Any CPU
		{41D3D49A-E4F7-4AD8-B5C0-96A78DAAE09A}.Debug|Any CPU.Build.0 = Debug|Any CPU
		{41D3D49A-E4F7-4AD8-B5C0-96A78DAAE09A}.Debug|x64.ActiveCfg = Debug|Any CPU
		{41D3D49A-E4F7-4AD8-B5C0-96A78DAAE09A}.Debug|x64.Build.0 = Debug|Any CPU
		{41D3D49A-E4F7-4AD8-B5C0-96A78DAAE09A}.Debug|x86.ActiveCfg = Debug|Any CPU
		{41D3D49A-E4F7-4AD8-B5C0-96A78DAAE09A}.Debug|x86.Build.0 = Debug|Any CPU
		{41D3D49A-E4F7-4AD8-B5C0-96A78DAAE09A}.Release|Any CPU.ActiveCfg = Release|Any CPU
		{41D3D49A-E4F7-4AD8-B5C0-96A78DAAE09A}.Release|Any CPU.Build.0 = Release|Any CPU
		{41D3D49A-E4F7-4AD8-B5C0-96A78DAAE09A}.Release|x64.ActiveCfg = Release|Any CPU
		{41D3D49A-E4F7-4AD8-B5C0-96A78DAAE09A}.Release|x64.Build.0 = Release|Any CPU
		{41D3D49A-E4F7-4AD8-B5C0-96A78DAAE09A}.Release|x86.ActiveCfg = Release|Any CPU
		{41D3D49A-E4F7-4AD8-B5C0-96A78DAAE09A}.Release|x86.Build.0 = Release|Any CPU
		{BCB66327-23B7-4B10-9F0C-4196E89A7F41}.Debug|Any CPU.ActiveCfg = Debug|Any CPU
		{BCB66327-23B7-4B10-9F0C-4196E89A7F41}.Debug|Any CPU.Build.0 = Debug|Any CPU
		{BCB66327-23B7-4B10-9F0C-4196E89A7F41}.Debug|x64.ActiveCfg = Debug|Any CPU
		{BCB66327-23B7-4B10-9F0C-4196E89A7F41}.Debug|x64.Build.0 = Debug|Any CPU
		{BCB66327-23B7-4B10-9F0C-4196E89A7F41}.Debug|x86.ActiveCfg = Debug|Any CPU
		{BCB66327-23B7-4B10-9F0C-4196E89A7F41}.Debug|x86.Build.0 = Debug|Any CPU
		{BCB66327-23B7-4B10-9F0C-4196E89A7F41}.Release|Any CPU.ActiveCfg = Release|Any CPU
		{BCB66327-23B7-4B10-9F0C-4196E89A7F41}.Release|Any CPU.Build.0 = Release|Any CPU
		{BCB66327-23B7-4B10-9F0C-4196E89A7F41}.Release|x64.ActiveCfg = Release|Any CPU
		{BCB66327-23B7-4B10-9F0C-4196E89A7F41}.Release|x64.Build.0 = Release|Any CPU
		{BCB66327-23B7-4B10-9F0C-4196E89A7F41}.Release|x86.ActiveCfg = Release|Any CPU
		{BCB66327-23B7-4B10-9F0C-4196E89A7F41}.Release|x86.Build.0 = Release|Any CPU
		{09E79572-4D8E-4F1A-B119-3CDC4A4B83BC}.Debug|Any CPU.ActiveCfg = Debug|Any CPU
		{09E79572-4D8E-4F1A-B119-3CDC4A4B83BC}.Debug|Any CPU.Build.0 = Debug|Any CPU
		{09E79572-4D8E-4F1A-B119-3CDC4A4B83BC}.Debug|x64.ActiveCfg = Debug|Any CPU
		{09E79572-4D8E-4F1A-B119-3CDC4A4B83BC}.Debug|x64.Build.0 = Debug|Any CPU
		{09E79572-4D8E-4F1A-B119-3CDC4A4B83BC}.Debug|x86.ActiveCfg = Debug|Any CPU
		{09E79572-4D8E-4F1A-B119-3CDC4A4B83BC}.Debug|x86.Build.0 = Debug|Any CPU
		{09E79572-4D8E-4F1A-B119-3CDC4A4B83BC}.Release|Any CPU.ActiveCfg = Release|Any CPU
		{09E79572-4D8E-4F1A-B119-3CDC4A4B83BC}.Release|Any CPU.Build.0 = Release|Any CPU
		{09E79572-4D8E-4F1A-B119-3CDC4A4B83BC}.Release|x64.ActiveCfg = Release|Any CPU
		{09E79572-4D8E-4F1A-B119-3CDC4A4B83BC}.Release|x64.Build.0 = Release|Any CPU
		{09E79572-4D8E-4F1A-B119-3CDC4A4B83BC}.Release|x86.ActiveCfg = Release|Any CPU
		{09E79572-4D8E-4F1A-B119-3CDC4A4B83BC}.Release|x86.Build.0 = Release|Any CPU
		{F067A97C-B2AF-4EAF-8AA2-55079637B60C}.Debug|Any CPU.ActiveCfg = Debug|Any CPU
		{F067A97C-B2AF-4EAF-8AA2-55079637B60C}.Debug|Any CPU.Build.0 = Debug|Any CPU
		{F067A97C-B2AF-4EAF-8AA2-55079637B60C}.Debug|x64.ActiveCfg = Debug|Any CPU
		{F067A97C-B2AF-4EAF-8AA2-55079637B60C}.Debug|x64.Build.0 = Debug|Any CPU
		{F067A97C-B2AF-4EAF-8AA2-55079637B60C}.Debug|x86.ActiveCfg = Debug|Any CPU
		{F067A97C-B2AF-4EAF-8AA2-55079637B60C}.Debug|x86.Build.0 = Debug|Any CPU
		{F067A97C-B2AF-4EAF-8AA2-55079637B60C}.Release|Any CPU.ActiveCfg = Release|Any CPU
		{F067A97C-B2AF-4EAF-8AA2-55079637B60C}.Release|Any CPU.Build.0 = Release|Any CPU
		{F067A97C-B2AF-4EAF-8AA2-55079637B60C}.Release|x64.ActiveCfg = Release|Any CPU
		{F067A97C-B2AF-4EAF-8AA2-55079637B60C}.Release|x64.Build.0 = Release|Any CPU
		{F067A97C-B2AF-4EAF-8AA2-55079637B60C}.Release|x86.ActiveCfg = Release|Any CPU
		{F067A97C-B2AF-4EAF-8AA2-55079637B60C}.Release|x86.Build.0 = Release|Any CPU
		{CEF68C33-1E44-4A3F-860F-1D877C27AC67}.Debug|Any CPU.ActiveCfg = Debug|Any CPU
		{CEF68C33-1E44-4A3F-860F-1D877C27AC67}.Debug|Any CPU.Build.0 = Debug|Any CPU
		{CEF68C33-1E44-4A3F-860F-1D877C27AC67}.Debug|x64.ActiveCfg = Debug|Any CPU
		{CEF68C33-1E44-4A3F-860F-1D877C27AC67}.Debug|x64.Build.0 = Debug|Any CPU
		{CEF68C33-1E44-4A3F-860F-1D877C27AC67}.Debug|x86.ActiveCfg = Debug|Any CPU
		{CEF68C33-1E44-4A3F-860F-1D877C27AC67}.Debug|x86.Build.0 = Debug|Any CPU
		{CEF68C33-1E44-4A3F-860F-1D877C27AC67}.Release|Any CPU.ActiveCfg = Release|Any CPU
		{CEF68C33-1E44-4A3F-860F-1D877C27AC67}.Release|Any CPU.Build.0 = Release|Any CPU
		{CEF68C33-1E44-4A3F-860F-1D877C27AC67}.Release|x64.ActiveCfg = Release|Any CPU
		{CEF68C33-1E44-4A3F-860F-1D877C27AC67}.Release|x64.Build.0 = Release|Any CPU
		{CEF68C33-1E44-4A3F-860F-1D877C27AC67}.Release|x86.ActiveCfg = Release|Any CPU
		{CEF68C33-1E44-4A3F-860F-1D877C27AC67}.Release|x86.Build.0 = Release|Any CPU
		{03CBAE01-02EB-4BA5-8612-AF50E9E29ABB}.Debug|Any CPU.ActiveCfg = Debug|Any CPU
		{03CBAE01-02EB-4BA5-8612-AF50E9E29ABB}.Debug|Any CPU.Build.0 = Debug|Any CPU
		{03CBAE01-02EB-4BA5-8612-AF50E9E29ABB}.Debug|x64.ActiveCfg = Debug|Any CPU
		{03CBAE01-02EB-4BA5-8612-AF50E9E29ABB}.Debug|x64.Build.0 = Debug|Any CPU
		{03CBAE01-02EB-4BA5-8612-AF50E9E29ABB}.Debug|x86.ActiveCfg = Debug|Any CPU
		{03CBAE01-02EB-4BA5-8612-AF50E9E29ABB}.Debug|x86.Build.0 = Debug|Any CPU
		{03CBAE01-02EB-4BA5-8612-AF50E9E29ABB}.Release|Any CPU.ActiveCfg = Release|Any CPU
		{03CBAE01-02EB-4BA5-8612-AF50E9E29ABB}.Release|Any CPU.Build.0 = Release|Any CPU
		{03CBAE01-02EB-4BA5-8612-AF50E9E29ABB}.Release|x64.ActiveCfg = Release|Any CPU
		{03CBAE01-02EB-4BA5-8612-AF50E9E29ABB}.Release|x64.Build.0 = Release|Any CPU
		{03CBAE01-02EB-4BA5-8612-AF50E9E29ABB}.Release|x86.ActiveCfg = Release|Any CPU
		{03CBAE01-02EB-4BA5-8612-AF50E9E29ABB}.Release|x86.Build.0 = Release|Any CPU
		{91095052-4049-4075-B46F-A7F79E6AC1D0}.Debug|Any CPU.ActiveCfg = Debug|Any CPU
		{91095052-4049-4075-B46F-A7F79E6AC1D0}.Debug|Any CPU.Build.0 = Debug|Any CPU
		{91095052-4049-4075-B46F-A7F79E6AC1D0}.Debug|x64.ActiveCfg = Debug|Any CPU
		{91095052-4049-4075-B46F-A7F79E6AC1D0}.Debug|x64.Build.0 = Debug|Any CPU
		{91095052-4049-4075-B46F-A7F79E6AC1D0}.Debug|x86.ActiveCfg = Debug|Any CPU
		{91095052-4049-4075-B46F-A7F79E6AC1D0}.Debug|x86.Build.0 = Debug|Any CPU
		{91095052-4049-4075-B46F-A7F79E6AC1D0}.Release|Any CPU.ActiveCfg = Release|Any CPU
		{91095052-4049-4075-B46F-A7F79E6AC1D0}.Release|Any CPU.Build.0 = Release|Any CPU
		{91095052-4049-4075-B46F-A7F79E6AC1D0}.Release|x64.ActiveCfg = Release|Any CPU
		{91095052-4049-4075-B46F-A7F79E6AC1D0}.Release|x64.Build.0 = Release|Any CPU
		{91095052-4049-4075-B46F-A7F79E6AC1D0}.Release|x86.ActiveCfg = Release|Any CPU
		{91095052-4049-4075-B46F-A7F79E6AC1D0}.Release|x86.Build.0 = Release|Any CPU
	EndGlobalSection
	GlobalSection(SolutionProperties) = preSolution
		HideSolutionNode = FALSE
	EndGlobalSection
	GlobalSection(NestedProjects) = preSolution
		{96AA5260-38CA-4ABB-9E60-835092FB62DB} = {827E0CD3-B72D-47B6-A68D-7590B98EB39B}
		{7BF1B10F-0AD4-4D60-A90C-2B5F67E06B1D} = {827E0CD3-B72D-47B6-A68D-7590B98EB39B}
		{A38D550C-80E5-45CD-933B-ABEA6A878673} = {827E0CD3-B72D-47B6-A68D-7590B98EB39B}
		{F0913E59-6B24-4CFF-938F-C42EB9B7B857} = {827E0CD3-B72D-47B6-A68D-7590B98EB39B}
		{61851D31-EDC2-44BB-B6CF-11B0CB08171C} = {827E0CD3-B72D-47B6-A68D-7590B98EB39B}
		{A48ADF82-3630-4D12-986B-FE26EBA8ACF0} = {5D20AA90-6969-D8BD-9DCD-8634F4692FDA}
		{C34B4063-D801-4844-B21C-A42868ADD319} = {5D20AA90-6969-D8BD-9DCD-8634F4692FDA}
		{41D3D49A-E4F7-4AD8-B5C0-96A78DAAE09A} = {5D20AA90-6969-D8BD-9DCD-8634F4692FDA}
		{BCB66327-23B7-4B10-9F0C-4196E89A7F41} = {5D20AA90-6969-D8BD-9DCD-8634F4692FDA}
		{09E79572-4D8E-4F1A-B119-3CDC4A4B83BC} = {0AB3BF05-4346-4AA6-1389-037BE0695223}
		{F067A97C-B2AF-4EAF-8AA2-55079637B60C} = {827E0CD3-B72D-47B6-A68D-7590B98EB39B}
		{CEF68C33-1E44-4A3F-860F-1D877C27AC67} = {0AB3BF05-4346-4AA6-1389-037BE0695223}
		{03CBAE01-02EB-4BA5-8612-AF50E9E29ABB} = {0AB3BF05-4346-4AA6-1389-037BE0695223}
		{91095052-4049-4075-B46F-A7F79E6AC1D0} = {0AB3BF05-4346-4AA6-1389-037BE0695223}
	EndGlobalSection
EndGlobal
